{
  "nodes": {
    "brew-api": {
      "flake": false,
      "locked": {
        "lastModified": 1779606365,
        "narHash": "sha256-TSqphWA+Z9GYbQSWoKaySQXLNy7bAu071ai9fdtlveQ=",
        "owner": "BatteredBunny",
        "repo": "brew-api",
        "rev": "7d8ed4726ff8e9af14988892e9e23ba0005594b6",
        "type": "github"
      },
      "original": {
        "owner": "BatteredBunny",
        "repo": "brew-api",
        "type": "github"
      }
    },
    "brew-nix": {
      "inputs": {
        "brew-api": [
          "brew-api"
        ],
        "nix-darwin": [
          "nix-darwin"
        ],
        "nixpkgs": [
          "nixpkgs"
        ]
      },
      "locked": {
        "lastModified": 1778864554,
        "narHash": "sha256-+M0daK83pZ2j+uDDOgcpqn2yNABvXX+5LIBbYivWkuw=",
        "owner": "BatteredBunny",
        "repo": "brew-nix",
        "rev": "3018198a797eafa188d81aef2ddc0b2e17b8c3f8",
        "type": "github"
      },
      "original": {
        "owner": "BatteredBunny",
        "repo": "brew-nix",
        "type": "github"
      }
    },
    "home-manager": {
      "inputs": {
        "nixpkgs": [
          "nixpkgs"
        ]
      },
      "locked": {
        "lastModified": 1779336838,
        "narHash": "sha256-n1+l78hJRABp4cQHKeD0BVByT0vZLPqd09Tvoq8Q+d8=",
        "owner": "nix-community",
        "repo": "home-manager",
        "rev": "928d72376949e222ea4f07b44828a55b0136422e",
        "type": "github"
      },
      "original": {
        "owner": "nix-community",
        "repo": "home-manager",
        "type": "github"
      }
    },
    "ly-anim": {
      "flake": false,
      "locked": {
        "lastModified": 1783331194,
        "narHash": "sha256-BQhlvWmEkXNpbUgtGBzbHjdQwRa2jxHhBBNu8sVzIDQ=",
        "ref": "refs/heads/main",
        "rev": "2f22cfaf7d17598c8f60f562d56e16d74b6c99ab",
        "revCount": 4,
        "type": "git",
        "url": "https://codeberg.org/fairyglade/ly-community.git"
      },
      "original": {
        "type": "git",
        "url": "https://codeberg.org/fairyglade/ly-community.git"
      }
    },
    "nix-darwin": {
      "inputs": {
        "nixpkgs": [
          "nixpkgs"
        ]
      },
      "locked": {
        "lastModified": 1777780666,
        "narHash": "sha256-8wURyQMdDkGUarSTKOGdCuFfYiwa3HbzwscUfn3STDE=",
        "owner": "nix-darwin",
        "repo": "nix-darwin",
        "rev": "8c62fba0854ba15c8917aed18894dbccb48a3777",
        "type": "github"
      },
      "original": {
        "owner": "nix-darwin",
        "ref": "master",
        "repo": "nix-darwin",
        "type": "github"
      }
    },
    "nixpkgs": {
      "locked": {
        "lastModified": 1778580735,
        "narHash": "sha256-t+8AVV8ExvOmslz2sLIgw/hJBKlyl65rJvxjvvjHgpE=",
        "owner": "NixOS",
        "repo": "nixpkgs",
        "rev": "48d91f2c0ce7b9e589f967d4f685153dd765dcdd",
        "type": "github"
      },
      "original": {
        "owner": "NixOS",
        "ref": "nixpkgs-unstable",
        "repo": "nixpkgs",
        "type": "github"
      }
    },
    "root": {
      "inputs": {
        "brew-api": "brew-api",
        "brew-nix": "brew-nix",
        "home-manager": "home-manager",
        "ly-anim": "ly-anim",
        "nix-darwin": "nix-darwin",
        "nixpkgs": "nixpkgs",
        "tt-schemes": "tt-schemes"
      }
    },
    "tt-schemes": {
      "flake": false,
      "locked": {
        "lastModified": 1777806186,
        "narHash": "sha256-PDF0/wObw4nIsSBeXVYLsloXOiphXCgIdsrNcVXguKs=",
        "owner": "tinted-theming",
        "repo": "schemes",
        "rev": "0c94645546f4f3ddac77a1a5fce54eb95bf50795",
        "type": "github"
      },
      "original": {
        "owner": "tinted-theming",
        "repo": "schemes",
        "type": "github"
      }
    }
  },
  "root": "root",
  "version": 7
}
